// !$*UTF8*$!
{
	archiveVersion = 1;
	classes = {
	};
	objectVersion = 50;
	objects = {

/* Begin PBXBuildFile section */
		1E45375621DE91E500145634 /* LocationAPIClient.swift in Sources */ = {isa = PBXBuildFile; fileRef = 1E45375521DE91E400145634 /* LocationAPIClient.swift */; };
		1E453BB321DE73E20074B451 /* NearestCityApiClient.swift in Sources */ = {isa = PBXBuildFile; fileRef = 1E453BB221DE73E20074B451 /* NearestCityApiClient.swift */; };
		1EF01EED21DC4620005ACE94 /* AppDelegate.swift in Sources */ = {isa = PBXBuildFile; fileRef = 1EF01EEC21DC4620005ACE94 /* AppDelegate.swift */; };
		1EF01EEF21DC4620005ACE94 /* LocationAirQualityViewController.swift in Sources */ = {isa = PBXBuildFile; fileRef = 1EF01EEE21DC4620005ACE94 /* LocationAirQualityViewController.swift */; };
		1EF01EF221DC4620005ACE94 /* Main.storyboard in Resources */ = {isa = PBXBuildFile; fileRef = 1EF01EF021DC4620005ACE94 /* Main.storyboard */; };
		1EF01EF421DC4622005ACE94 /* Assets.xcassets in Resources */ = {isa = PBXBuildFile; fileRef = 1EF01EF321DC4622005ACE94 /* Assets.xcassets */; };
		1EF01EF721DC4622005ACE94 /* LaunchScreen.storyboard in Resources */ = {isa = PBXBuildFile; fileRef = 1EF01EF521DC4622005ACE94 /* LaunchScreen.storyboard */; };
		1EF01EFF21DC534B005ACE94 /* NearestCityData.swift in Sources */ = {isa = PBXBuildFile; fileRef = 1EF01EFE21DC534B005ACE94 /* NearestCityData.swift */; };
		1EF01F0D21DC91B9005ACE94 /* SearchDetailAirQualityViewController.swift in Sources */ = {isa = PBXBuildFile; fileRef = 1EF01F0C21DC91B9005ACE94 /* SearchDetailAirQualityViewController.swift */; };
		1EF01F0F21DC924D005ACE94 /* NearestCityVIewController.swift in Sources */ = {isa = PBXBuildFile; fileRef = 1EF01F0E21DC924D005ACE94 /* NearestCityVIewController.swift */; };
		1EF01F1121DC92E7005ACE94 /* LocationSearchData.swift in Sources */ = {isa = PBXBuildFile; fileRef = 1EF01F1021DC92E7005ACE94 /* LocationSearchData.swift */; };
/* End PBXBuildFile section */

/* Begin PBXFileReference section */
		1E45375521DE91E400145634 /* LocationAPIClient.swift */ = {isa = PBXFileReference; lastKnownFileType = sourcecode.swift; path = LocationAPIClient.swift; sourceTree = "<group>"; };
		1E453BB221DE73E20074B451 /* NearestCityApiClient.swift */ = {isa = PBXFileReference; lastKnownFileType = sourcecode.swift; path = NearestCityApiClient.swift; sourceTree = "<group>"; };
		1EF01EE921DC4620005ACE94 /* Surrounded.app */ = {isa = PBXFileReference; explicitFileType = wrapper.application; includeInIndex = 0; path = Surrounded.app; sourceTree = BUILT_PRODUCTS_DIR; };
		1EF01EEC21DC4620005ACE94 /* AppDelegate.swift */ = {isa = PBXFileReference; lastKnownFileType = sourcecode.swift; path = AppDelegate.swift; sourceTree = "<group>"; };
		1EF01EEE21DC4620005ACE94 /* LocationAirQualityViewController.swift */ = {isa = PBXFileReference; lastKnownFileType = sourcecode.swift; path = LocationAirQualityViewController.swift; sourceTree = "<group>"; };
		1EF01EF121DC4620005ACE94 /* Base */ = {isa = PBXFileReference; lastKnownFileType = file.storyboard; name = Base; path = Base.lproj/Main.storyboard; sourceTree = "<group>"; };
		1EF01EF321DC4622005ACE94 /* Assets.xcassets */ = {isa = PBXFileReference; lastKnownFileType = folder.assetcatalog; path = Assets.xcassets; sourceTree = "<group>"; };
		1EF01EF621DC4622005ACE94 /* Base */ = {isa = PBXFileReference; lastKnownFileType = file.storyboard; name = Base; path = Base.lproj/LaunchScreen.storyboard; sourceTree = "<group>"; };
		1EF01EF821DC4622005ACE94 /* Info.plist */ = {isa = PBXFileReference; lastKnownFileType = text.plist.xml; path = Info.plist; sourceTree = "<group>"; };
		1EF01EFE21DC534B005ACE94 /* NearestCityData.swift */ = {isa = PBXFileReference; lastKnownFileType = sourcecode.swift; path = NearestCityData.swift; sourceTree = "<group>"; };
		1EF01F0C21DC91B9005ACE94 /* SearchDetailAirQualityViewController.swift */ = {isa = PBXFileReference; lastKnownFileType = sourcecode.swift; path = SearchDetailAirQualityViewController.swift; sourceTree = "<group>"; };
		1EF01F0E21DC924D005ACE94 /* NearestCityVIewController.swift */ = {isa = PBXFileReference; lastKnownFileType = sourcecode.swift; path = NearestCityVIewController.swift; sourceTree = "<group>"; };
		1EF01F1021DC92E7005ACE94 /* LocationSearchData.swift */ = {isa = PBXFileReference; lastKnownFileType = sourcecode.swift; path = LocationSearchData.swift; sourceTree = "<group>"; };
/* End PBXFileReference section */

/* Begin PBXFrameworksBuildPhase section */
		1EF01EE621DC461F005ACE94 /* Frameworks */ = {
			isa = PBXFrameworksBuildPhase;
			buildActionMask = 2147483647;
			files = (
			);
			runOnlyForDeploymentPostprocessing = 0;
		};
/* End PBXFrameworksBuildPhase section */

/* Begin PBXGroup section */
		1E45375921DEC7A200145634 /* APIClients */ = {
			isa = PBXGroup;
			children = (
				1E453BB221DE73E20074B451 /* NearestCityApiClient.swift */,
				1E45375521DE91E400145634 /* LocationAPIClient.swift */,
			);
			path = APIClients;
			sourceTree = "<group>";
		};
		1EF01EE021DC461F005ACE94 = {
			isa = PBXGroup;
			children = (
				1EF01EEB21DC4620005ACE94 /* Surrounded */,
				1EF01EEA21DC4620005ACE94 /* Products */,
			);
			sourceTree = "<group>";
		};
		1EF01EEA21DC4620005ACE94 /* Products */ = {
			isa = PBXGroup;
			children = (
				1EF01EE921DC4620005ACE94 /* Surrounded.app */,
			);
			name = Products;
			sourceTree = "<group>";
		};
		1EF01EEB21DC4620005ACE94 /* Surrounded */ = {
			isa = PBXGroup;
			children = (
				1EF01EF021DC4620005ACE94 /* Main.storyboard */,
				1E45375921DEC7A200145634 /* APIClients */,
				1EF01F0421DC89F1005ACE94 /* View Controllers */,
				1EF01F0521DC8A08005ACE94 /* Brains */,
				1EF01EEC21DC4620005ACE94 /* AppDelegate.swift */,
				1EF01EF321DC4622005ACE94 /* Assets.xcassets */,
				1EF01EF521DC4622005ACE94 /* LaunchScreen.storyboard */,
				1EF01EF821DC4622005ACE94 /* Info.plist */,
			);
			path = Surrounded;
			sourceTree = "<group>";
		};
		1EF01F0421DC89F1005ACE94 /* View Controllers */ = {
			isa = PBXGroup;
			children = (
				1EF01F0E21DC924D005ACE94 /* NearestCityVIewController.swift */,
				1EF01EEE21DC4620005ACE94 /* LocationAirQualityViewController.swift */,
				1EF01F0C21DC91B9005ACE94 /* SearchDetailAirQualityViewController.swift */,
			);
			path = "View Controllers";
			sourceTree = "<group>";
		};
		1EF01F0521DC8A08005ACE94 /* Brains */ = {
			isa = PBXGroup;
			children = (
				1EF01EFE21DC534B005ACE94 /* NearestCityData.swift */,
				1EF01F1021DC92E7005ACE94 /* LocationSearchData.swift */,
			);
			path = Brains;
			sourceTree = "<group>";
		};
/* End PBXGroup section */

/* Begin PBXNativeTarget section */
		1EF01EE821DC461F005ACE94 /* Surrounded */ = {
			isa = PBXNativeTarget;
			buildConfigurationList = 1EF01EFB21DC4622005ACE94 /* Build configuration list for PBXNativeTarget "Surrounded" */;
			buildPhases = (
				1EF01EE521DC461F005ACE94 /* Sources */,
				1EF01EE621DC461F005ACE94 /* Frameworks */,
				1EF01EE721DC461F005ACE94 /* Resources */,
			);
			buildRules = (
			);
			dependencies = (
			);
			name = Surrounded;
			productName = Surrounded;
			productReference = 1EF01EE921DC4620005ACE94 /* Surrounded.app */;
			productType = "com.apple.product-type.application";
		};
/* End PBXNativeTarget section */

/* Begin PBXProject section */
		1EF01EE121DC461F005ACE94 /* Project object */ = {
			isa = PBXProject;
			attributes = {
				LastSwiftUpdateCheck = 1010;
				LastUpgradeCheck = 1010;
				ORGANIZATIONNAME = "katty y marte";
				TargetAttributes = {
					1EF01EE821DC461F005ACE94 = {
						CreatedOnToolsVersion = 10.1;
					};
				};
			};
			buildConfigurationList = 1EF01EE421DC461F005ACE94 /* Build configuration list for PBXProject "Surrounded" */;
			compatibilityVersion = "Xcode 9.3";
			developmentRegion = en;
			hasScannedForEncodings = 0;
			knownRegions = (
				en,
				Base,
			);
			mainGroup = 1EF01EE021DC461F005ACE94;
			productRefGroup = 1EF01EEA21DC4620005ACE94 /* Products */;
			projectDirPath = "";
			projectRoot = "";
			targets = (
				1EF01EE821DC461F005ACE94 /* Surrounded */,
			);
		};
/* End PBXProject section */

/* Begin PBXResourcesBuildPhase section */
		1EF01EE721DC461F005ACE94 /* Resources */ = {
			isa = PBXResourcesBuildPhase;
			buildActionMask = 2147483647;
			files = (
				1EF01EF721DC4622005ACE94 /* LaunchScreen.storyboard in Resources */,
				1EF01EF421DC4622005ACE94 /* Assets.xcassets in Resources */,
				1EF01EF221DC4620005ACE94 /* Main.storyboard in Resources */,
			);
			runOnlyForDeploymentPostprocessing = 0;
		};
/* End PBXResourcesBuildPhase section */

/* Begin PBXSourcesBuildPhase section */
		1EF01EE521DC461F005ACE94 /* Sources */ = {
			isa = PBXSourcesBuildPhase;
			buildActionMask = 2147483647;
			files = (
				1EF01F1121DC92E7005ACE94 /* LocationSearchData.swift in Sources */,
				1EF01EEF21DC4620005ACE94 /* LocationAirQualityViewController.swift in Sources */,
				1E453BB321DE73E20074B451 /* NearestCityApiClient.swift in Sources */,
				1EF01EFF21DC534B005ACE94 /* NearestCityData.swift in Sources */,
				1E45375621DE91E500145634 /* LocationAPIClient.swift in Sources */,
				1EF01F0D21DC91B9005ACE94 /* SearchDetailAirQualityViewController.swift in Sources */,
				1EF01EED21DC4620005ACE94 /* AppDelegate.swift in Sources */,
				1EF01F0F21DC924D005ACE94 /* NearestCityVIewController.swift in Sources */,
			);
			runOnlyForDeploymentPostprocessing = 0;
		};
/* End PBXSourcesBuildPhase section */

/* Begin PBXVariantGroup section */
		1EF01EF021DC4620005ACE94 /* Main.storyboard */ = {
			isa = PBXVariantGroup;
			children = (
				1EF01EF121DC4620005ACE94 /* Base */,
			);
			name = Main.storyboard;
			sourceTree = "<group>";
		};
		1EF01EF521DC4622005ACE94 /* LaunchScreen.storyboard */ = {
			isa = PBXVariantGroup;
			children = (
				1EF01EF621DC4622005ACE94 /* Base */,
			);
			name = LaunchScreen.storyboard;
			sourceTree = "<group>";
		};
/* End PBXVariantGroup section */

/* Begin XCBuildConfiguration section */
		1EF01EF921DC4622005ACE94 /* Debug */ = {
			isa = XCBuildConfiguration;
			buildSettings = {
				ALWAYS_SEARCH_USER_PATHS = NO;
				CLANG_ANALYZER_NONNULL = YES;
				CLANG_ANALYZER_NUMBER_OBJECT_CONVERSION = YES_AGGRESSIVE;
				CLANG_CXX_LANGUAGE_STANDARD = "gnu++14";
				CLANG_CXX_LIBRARY = "libc++";
				CLANG_ENABLE_MODULES = YES;
				CLANG_ENABLE_OBJC_ARC = YES;
				CLANG_ENABLE_OBJC_WEAK = YES;
				CLANG_WARN_BLOCK_CAPTURE_AUTORELEASING = YES;
				CLANG_WARN_BOOL_CONVERSION = YES;
				CLANG_WARN_COMMA = YES;
				CLANG_WARN_CONSTANT_CONVERSION = YES;
				CLANG_WARN_DEPRECATED_OBJC_IMPLEMENTATIONS = YES;
				CLANG_WARN_DIRECT_OBJC_ISA_USAGE = YES_ERROR;
				CLANG_WARN_DOCUMENTATION_COMMENTS = YES;
				CLANG_WARN_EMPTY_BODY = YES;
				CLANG_WARN_ENUM_CONVERSION = YES;
				CLANG_WARN_INFINITE_RECURSION = YES;
				CLANG_WARN_INT_CONVERSION = YES;
				CLANG_WARN_NON_LITERAL_NULL_CONVERSION = YES;
				CLANG_WARN_OBJC_IMPLICIT_RETAIN_SELF = YES;
				CLANG_WARN_OBJC_LITERAL_CONVERSION = YES;
				CLANG_WARN_OBJC_ROOT_CLASS = YES_ERROR;
				CLANG_WARN_RANGE_LOOP_ANALYSIS = YES;
				CLANG_WARN_STRICT_PROTOTYPES = YES;
				CLANG_WARN_SUSPICIOUS_MOVE = YES;
				CLANG_WARN_UNGUARDED_AVAILABILITY = YES_AGGRESSIVE;
				CLANG_WARN_UNREACHABLE_CODE = YES;
				CLANG_WARN__DUPLICATE_METHOD_MATCH = YES;
				CODE_SIGN_IDENTITY = "iPhone Developer";
				COPY_PHASE_STRIP = NO;
				DEBUG_INFORMATION_FORMAT = dwarf;
				ENABLE_STRICT_OBJC_MSGSEND = YES;
				ENABLE_TESTABILITY = YES;
				GCC_C_LANGUAGE_STANDARD = gnu11;
				GCC_DYNAMIC_NO_PIC = NO;
				GCC_NO_COMMON_BLOCKS = YES;
				GCC_OPTIMIZATION_LEVEL = 0;
				GCC_PREPROCESSOR_DEFINITIONS = (
					"DEBUG=1",
					"$(inherited)",
				);
				GCC_WARN_64_TO_32_BIT_CONVERSION = YES;
				GCC_WARN_ABOUT_RETURN_TYPE = YES_ERROR;
				GCC_WARN_UNDECLARED_SELECTOR = YES;
				GCC_WARN_UNINITIALIZED_AUTOS = YES_AGGRESSIVE;
				GCC_WARN_UNUSED_FUNCTION = YES;
				GCC_WARN_UNUSED_VARIABLE = YES;
				IPHONEOS_DEPLOYMENT_TARGET = 12.1;
				MTL_ENABLE_DEBUG_INFO = INCLUDE_SOURCE;
				MTL_FAST_MATH = YES;
				ONLY_ACTIVE_ARCH = YES;
				SDKROOT = iphoneos;
				SWIFT_ACTIVE_COMPILATION_CONDITIONS = DEBUG;
				SWIFT_OPTIMIZATION_LEVEL = "-Onone";
			};
			name = Debug;
		};
		1EF01EFA21DC4622005ACE94 /* Release */ = {
			isa = XCBuildConfiguration;
			buildSettings = {
				ALWAYS_SEARCH_USER_PATHS = NO;
				CLANG_ANALYZER_NONNULL = YES;
				CLANG_ANALYZER_NUMBER_OBJECT_CONVERSION = YES_AGGRESSIVE;
				CLANG_CXX_LANGUAGE_STANDARD = "gnu++14";
				CLANG_CXX_LIBRARY = "libc++";
				CLANG_ENABLE_MODULES = YES;
				CLANG_ENABLE_OBJC_ARC = YES;
				CLANG_ENABLE_OBJC_WEAK = YES;
				CLANG_WARN_BLOCK_CAPTURE_AUTORELEASING = YES;
				CLANG_WARN_BOOL_CONVERSION = YES;
				CLANG_WARN_COMMA = YES;
				CLANG_WARN_CONSTANT_CONVERSION = YES;
				CLANG_WARN_DEPRECATED_OBJC_IMPLEMENTATIONS = YES;
				CLANG_WARN_DIRECT_OBJC_ISA_USAGE = YES_ERROR;
				CLANG_WARN_DOCUMENTATION_COMMENTS = YES;
				CLANG_WARN_EMPTY_BODY = YES;
				CLANG_WARN_ENUM_CONVERSION = YES;
				CLANG_WARN_INFINITE_RECURSION = YES;
				CLANG_WARN_INT_CONVERSION = YES;
				CLANG_WARN_NON_LITERAL_NULL_CONVERSION = YES;
				CLANG_WARN_OBJC_IMPLICIT_RETAIN_SELF = YES;
				CLANG_WARN_OBJC_LITERAL_CONVERSION = YES;
				CLANG_WARN_OBJC_ROOT_CLASS = YES_ERROR;
				CLANG_WARN_RANGE_LOOP_ANALYSIS = YES;
				CLANG_WARN_STRICT_PROTOTYPES = YES;
				CLANG_WARN_SUSPICIOUS_MOVE = YES;
				CLANG_WARN_UNGUARDED_AVAILABILITY = YES_AGGRESSIVE;
				CLANG_WARN_UNREACHABLE_CODE = YES;
				CLANG_WARN__DUPLICATE_METHOD_MATCH = YES;
				CODE_SIGN_IDENTITY = "iPhone Developer";
				COPY_PHASE_STRIP = NO;
				DEBUG_INFORMATION_FORMAT = "dwarf-with-dsym";
				ENABLE_NS_ASSERTIONS = NO;
				ENABLE_STRICT_OBJC_MSGSEND = YES;
				GCC_C_LANGUAGE_STANDARD = gnu11;
				GCC_NO_COMMON_BLOCKS = YES;
				GCC_WARN_64_TO_32_BIT_CONVERSION = YES;
				GCC_WARN_ABOUT_RETURN_TYPE = YES_ERROR;
				GCC_WARN_UNDECLARED_SELECTOR = YES;
				GCC_WARN_UNINITIALIZED_AUTOS = YES_AGGRESSIVE;
				GCC_WARN_UNUSED_FUNCTION = YES;
				GCC_WARN_UNUSED_VARIABLE = YES;
				IPHONEOS_DEPLOYMENT_TARGET = 12.1;
				MTL_ENABLE_DEBUG_INFO = NO;
				MTL_FAST_MATH = YES;
				SDKROOT = iphoneos;
				SWIFT_COMPILATION_MODE = wholemodule;
				SWIFT_OPTIMIZATION_LEVEL = "-O";
				VALIDATE_PRODUCT = YES;
			};
			name = Release;
		};
		1EF01EFC21DC4622005ACE94 /* Debug */ = {
			isa = XCBuildConfiguration;
			buildSettings = {
				ASSETCATALOG_COMPILER_APPICON_NAME = AppIcon;
				CODE_SIGN_STYLE = Automatic;
				DEVELOPMENT_TEAM = 5768V8USR6;
				INFOPLIST_FILE = Surrounded/Info.plist;
				LD_RUNPATH_SEARCH_PATHS = (
					"$(inherited)",
					"@executable_path/Frameworks",
				);
				PRODUCT_BUNDLE_IDENTIFIER = org.pursuit.Surrounded;
				PRODUCT_NAME = "$(TARGET_NAME)";
				SWIFT_VERSION = 4.2;
				TARGETED_DEVICE_FAMILY = "1,2";
			};
			name = Debug;
		};
		1EF01EFD21DC4622005ACE94 /* Release */ = {
			isa = XCBuildConfiguration;
			buildSettings = {
				ASSETCATALOG_COMPILER_APPICON_NAME = AppIcon;
				CODE_SIGN_STYLE = Automatic;
				DEVELOPMENT_TEAM = 5768V8USR6;
				INFOPLIST_FILE = Surrounded/Info.plist;
				LD_RUNPATH_SEARCH_PATHS = (
					"$(inherited)",
					"@executable_path/Frameworks",
				);
				PRODUCT_BUNDLE_IDENTIFIER = org.pursuit.Surrounded;
				PRODUCT_NAME = "$(TARGET_NAME)";
				SWIFT_VERSION = 4.2;
				TARGETED_DEVICE_FAMILY = "1,2";
			};
			name = Release;
		};
/* End XCBuildConfiguration section */

/* Begin XCConfigurationList section */
		1EF01EE421DC461F005ACE94 /* Build configuration list for PBXProject "Surrounded" */ = {
			isa = XCConfigurationList;
			buildConfigurations = (
				1EF01EF921DC4622005ACE94 /* Debug */,
				1EF01EFA21DC4622005ACE94 /* Release */,
			);
			defaultConfigurationIsVisible = 0;
			defaultConfigurationName = Release;
		};
		1EF01EFB21DC4622005ACE94 /* Build configuration list for PBXNativeTarget "Surrounded" */ = {
			isa = XCConfigurationList;
			buildConfigurations = (
				1EF01EFC21DC4622005ACE94 /* Debug */,
				1EF01EFD21DC4622005ACE94 /* Release */,
			);
			defaultConfigurationIsVisible = 0;
			defaultConfigurationName = Release;
		};
/* End XCConfigurationList section */
	};
	rootObject = 1EF01EE121DC461F005ACE94 /* Project object */;
}
